{
  "name": "gumroad-license-server",
  "version": "1.0.0",
  "lockfileVersion": 2,
  "requires": true,
  "packages": {
    "": {
      "version": "1.0.0",
      "dependencies": {
        "@netlify/functions": "0.7.2",
        "ajv": "8.2.0",
        "node-fetch": "2.6.1",
        "node-rsa": "1.1.1"
      },
      "devDependencies": {
        "@types/node": "14.14.41",
        "@types/node-fetch": "2.5.10",
        "@types/node-rsa": "1.1.0"
      }
    },
    "node_modules/@netlify/functions": {
      "version": "0.7.2",
      "resolved": "https://registry.npmjs.org/@netlify/functions/-/functions-0.7.2.tgz",
      "integrity": "sha512-xf45ZqQukMxmlkqNMC5BXdFMaVZ8VqF42MV5zA5nKVOh2V0mhYlcbTYlVbS/K2/rtvQ3W8lxxixYl4NT7kq6Bg==",
      "dependencies": {
        "is-promise": "^4.0.0"
      },
      "engines": {
        "node": ">=8.3.0"
      }
    },
    "node_modules/@types/node": {
      "version": "14.14.41",
      "resolved": "https://registry.npmjs.org/@types/node/-/node-14.14.41.tgz",
      "integrity": "sha512-dueRKfaJL4RTtSa7bWeTK1M+VH+Gns73oCgzvYfHZywRCoPSd8EkXBL0mZ9unPTveBn+D9phZBaxuzpwjWkW0g==",
      "dev": true
    },
    "node_modules/@types/node-fetch": {
      "version": "2.5.10",
      "resolved": "https://registry.npmjs.org/@types/node-fetch/-/node-fetch-2.5.10.tgz",
      "integrity": "sha512-IpkX0AasN44hgEad0gEF/V6EgR5n69VEqPEgnmoM8GsIGro3PowbWs4tR6IhxUTyPLpOn+fiGG6nrQhcmoCuIQ==",
      "dev": true,
      "dependencies": {
        "@types/node": "*",
        "form-data": "^3.0.0"
      }
    },
    "node_modules/@types/node-rsa": {
      "version": "1.1.0",
      "resolved": "https://registry.npmjs.org/@types/node-rsa/-/node-rsa-1.1.0.tgz",
      "integrity": "sha512-MDFFz1Fra3Xb4S7ZoWHPyFqq8WxRSI5c1Y/UKq/mD9HUAzGw9fu0LSgSvCzrqndtNPPw3DQS3petBVgQtPGfMA==",
      "dev": true,
      "dependencies": {
        "@types/node": "*"
      }
    },
    "node_modules/ajv": {
      "version": "8.2.0",
      "resolved": "https://registry.npmjs.org/ajv/-/ajv-8.2.0.tgz",
      "integrity": "sha512-WSNGFuyWd//XO8n/m/EaOlNLtO0yL8EXT/74LqT4khdhpZjP7lkj/kT5uwRmGitKEVp/Oj7ZUHeGfPtgHhQ5CA==",
      "dependencies": {
        "fast-deep-equal": "^3.1.1",
        "json-schema-traverse": "^1.0.0",
        "require-from-string": "^2.0.2",
        "uri-js": "^4.2.2"
      },
      "funding": {
        "type": "github",
        "url": "https://github.com/sponsors/epoberezkin"
      }
    },
    "node_modules/asn1": {
      "version": "0.2.4",
      "resolved": "https://registry.npmjs.org/asn1/-/asn1-0.2.4.tgz",
      "integrity": "sha512-jxwzQpLQjSmWXgwaCZE9Nz+glAG01yF1QnWgbhGwHI5A6FRIEY6IVqtHhIepHqI7/kyEyQEagBC5mBEFlIYvdg==",
      "dependencies": {
        "safer-buffer": "~2.1.0"
      }
    },
    "node_modules/asynckit": {
      "version": "0.4.0",
      "resolved": "https://registry.npmjs.org/asynckit/-/asynckit-0.4.0.tgz",
      "integrity": "sha1-x57Zf380y48robyXkLzDZkdLS3k=",
      "dev": true
    },
    "node_modules/combined-stream": {
      "version": "1.0.8",
      "resolved": "https://registry.npmjs.org/combined-stream/-/combined-stream-1.0.8.tgz",
      "integrity": "sha512-FQN4MRfuJeHf7cBbBMJFXhKSDq+2kAArBlmRBvcvFE5BB1HZKXtSFASDhdlz9zOYwxh8lDdnvmMOe/+5cdoEdg==",
      "dev": true,
      "dependencies": {
        "delayed-stream": "~1.0.0"
      },
      "engines": {
        "node": ">= 0.8"
      }
    },
    "node_modules/delayed-stream": {
      "version": "1.0.0",
      "resolved": "https://registry.npmjs.org/delayed-stream/-/delayed-stream-1.0.0.tgz",
      "integrity": "sha1-3zrhmayt+31ECqrgsp4icrJOxhk=",
      "dev": true,
      "engines": {
        "node": ">=0.4.0"
      }
    },
    "node_modules/fast-deep-equal": {
      "version": "3.1.3",
      "resolved": "https://registry.npmjs.org/fast-deep-equal/-/fast-deep-equal-3.1.3.tgz",
      "integrity": "sha512-f3qQ9oQy9j2AhBe/H9VC91wLmKBCCU/gDOnKNAYG5hswO7BLKj09Hc5HYNz9cGI++xlpDCIgDaitVs03ATR84Q=="
    },
    "node_modules/form-data": {
      "version": "3.0.1",
      "resolved": "https://registry.npmjs.org/form-data/-/form-data-3.0.1.tgz",
      "integrity": "sha512-RHkBKtLWUVwd7SqRIvCZMEvAMoGUp0XU+seQiZejj0COz3RI3hWP4sCv3gZWWLjJTd7rGwcsF5eKZGii0r/hbg==",
      "dev": true,
      "dependencies": {
        "asynckit": "^0.4.0",
        "combined-stream": "^1.0.8",
        "mime-types": "^2.1.12"
      },
      "engines": {
        "node": ">= 6"
      }
    },
    "node_modules/is-promise": {
      "version": "4.0.0",
      "resolved": "https://registry.npmjs.org/is-promise/-/is-promise-4.0.0.tgz",
      "integrity": "sha512-hvpoI6korhJMnej285dSg6nu1+e6uxs7zG3BYAm5byqDsgJNWwxzM6z6iZiAgQR4TJ30JmBTOwqZUw3WlyH3AQ=="
    },
    "node_modules/json-schema-traverse": {
      "version": "1.0.0",
      "resolved": "https://registry.npmjs.org/json-schema-traverse/-/json-schema-traverse-1.0.0.tgz",
      "integrity": "sha512-NM8/P9n3XjXhIZn1lLhkFaACTOURQXjWhV4BA/RnOv8xvgqtqpAX9IO4mRQxSx1Rlo4tqzeqb0sOlruaOy3dug=="
    },
    "node_modules/mime-db": {
      "version": "1.47.0",
      "resolved": "https://registry.npmjs.org/mime-db/-/mime-db-1.47.0.tgz",
      "integrity": "sha512-QBmA/G2y+IfeS4oktet3qRZ+P5kPhCKRXxXnQEudYqUaEioAU1/Lq2us3D/t1Jfo4hE9REQPrbB7K5sOczJVIw==",
      "dev": true,
      "engines": {
        "node": ">= 0.6"
      }
    },
    "node_modules/mime-types": {
      "version": "2.1.30",
      "resolved": "https://registry.npmjs.org/mime-types/-/mime-types-2.1.30.tgz",
      "integrity": "sha512-crmjA4bLtR8m9qLpHvgxSChT+XoSlZi8J4n/aIdn3z92e/U47Z0V/yl+Wh9W046GgFVAmoNR/fmdbZYcSSIUeg==",
      "dev": true,
      "dependencies": {
        "mime-db": "1.47.0"
      },
      "engines": {
        "node": ">= 0.6"
      }
    },
    "node_modules/node-fetch": {
      "version": "2.6.1",
      "resolved": "https://registry.npmjs.org/node-fetch/-/node-fetch-2.6.1.tgz",
      "integrity": "sha512-V4aYg89jEoVRxRb2fJdAg8FHvI7cEyYdVAh94HH0UIK8oJxUfkjlDQN9RbMx+bEjP7+ggMiFRprSti032Oipxw==",
      "engines": {
        "node": "4.x || >=6.0.0"
      }
    },
    "node_modules/node-rsa": {
      "version": "1.1.1",
      "resolved": "https://registry.npmjs.org/node-rsa/-/node-rsa-1.1.1.tgz",
      "integrity": "sha512-Jd4cvbJMryN21r5HgxQOpMEqv+ooke/korixNNK3mGqfGJmy0M77WDDzo/05969+OkMy3XW1UuZsSmW9KQm7Fw==",
      "dependencies": {
        "asn1": "^0.2.4"
      }
    },
    "node_modules/punycode": {
      "version": "2.1.1",
      "resolved": "https://registry.npmjs.org/punycode/-/punycode-2.1.1.tgz",
      "integrity": "sha512-XRsRjdf+j5ml+y/6GKHPZbrF/8p2Yga0JPtdqTIY2Xe5ohJPD9saDJJLPvp9+NSBprVvevdXZybnj2cv8OEd0A==",
      "engines": {
        "node": ">=6"
      }
    },
    "node_modules/require-from-string": {
      "version": "2.0.2",
      "resolved": "https://registry.npmjs.org/require-from-string/-/require-from-string-2.0.2.tgz",
      "integrity": "sha512-Xf0nWe6RseziFMu+Ap9biiUbmplq6S9/p+7w7YXP/JBHhrUDDUhwa+vANyubuqfZWTveU//DYVGsDG7RKL/vEw==",
      "engines": {
        "node": ">=0.10.0"
      }
    },
    "node_modules/safer-buffer": {
      "version": "2.1.2",
      "resolved": "https://registry.npmjs.org/safer-buffer/-/safer-buffer-2.1.2.tgz",
      "integrity": "sha512-YZo3K82SD7Riyi0E1EQPojLz7kpepnSQI9IyPbHHg1XXXevb5dJI7tpyN2ADxGcQbHG7vcyRHk0cbwqcQriUtg=="
    },
    "node_modules/uri-js": {
      "version": "4.4.1",
      "resolved": "https://registry.npmjs.org/uri-js/-/uri-js-4.4.1.tgz",
      "integrity": "sha512-7rKUyy33Q1yc98pQ1DAmLtwX109F7TIfWlW1Ydo8Wl1ii1SeHieeh0HHfPeL2fMXK6z0s8ecKs9frCuLJvndBg==",
      "dependencies": {
        "punycode": "^2.1.0"
      }
    }
  },
  "dependencies": {
    "@netlify/functions": {
      "version": "0.7.2",
      "resolved": "https://registry.npmjs.org/@netlify/functions/-/functions-0.7.2.tgz",
      "integrity": "sha512-xf45ZqQukMxmlkqNMC5BXdFMaVZ8VqF42MV5zA5nKVOh2V0mhYlcbTYlVbS/K2/rtvQ3W8lxxixYl4NT7kq6Bg==",
      "requires": {
        "is-promise": "^4.0.0"
      }
    },
    "@types/node": {
      "version": "14.14.41",
      "resolved": "https://registry.npmjs.org/@types/node/-/node-14.14.41.tgz",
      "integrity": "sha512-dueRKfaJL4RTtSa7bWeTK1M+VH+Gns73oCgzvYfHZywRCoPSd8EkXBL0mZ9unPTveBn+D9phZBaxuzpwjWkW0g==",
      "dev": true
    },
    "@types/node-fetch": {
      "version": "2.5.10",
      "resolved": "https://registry.npmjs.org/@types/node-fetch/-/node-fetch-2.5.10.tgz",
      "integrity": "sha512-IpkX0AasN44hgEad0gEF/V6EgR5n69VEqPEgnmoM8GsIGro3PowbWs4tR6IhxUTyPLpOn+fiGG6nrQhcmoCuIQ==",
      "dev": true,
      "requires": {
        "@types/node": "*",
        "form-data": "^3.0.0"
      }
    },
    "@types/node-rsa": {
      "version": "1.1.0",
      "resolved": "https://registry.npmjs.org/@types/node-rsa/-/node-rsa-1.1.0.tgz",
      "integrity": "sha512-MDFFz1Fra3Xb4S7ZoWHPyFqq8WxRSI5c1Y/UKq/mD9HUAzGw9fu0LSgSvCzrqndtNPPw3DQS3petBVgQtPGfMA==",
      "dev": true,
      "requires": {
        "@types/node": "*"
      }
    },
    "ajv": {
      "version": "8.2.0",
      "resolved": "https://registry.npmjs.org/ajv/-/ajv-8.2.0.tgz",
      "integrity": "sha512-WSNGFuyWd//XO8n/m/EaOlNLtO0yL8EXT/74LqT4khdhpZjP7lkj/kT5uwRmGitKEVp/Oj7ZUHeGfPtgHhQ5CA==",
      "requires": {
        "fast-deep-equal": "^3.1.1",
        "json-schema-traverse": "^1.0.0",
        "require-from-string": "^2.0.2",
        "uri-js": "^4.2.2"
      }
    },
    "asn1": {
      "version": "0.2.4",
      "resolved": "https://registry.npmjs.org/asn1/-/asn1-0.2.4.tgz",
      "integrity": "sha512-jxwzQpLQjSmWXgwaCZE9Nz+glAG01yF1QnWgbhGwHI5A6FRIEY6IVqtHhIepHqI7/kyEyQEagBC5mBEFlIYvdg==",
      "requires": {
        "safer-buffer": "~2.1.0"
      }
    },
    "asynckit": {
      "version": "0.4.0",
      "resolved": "https://registry.npmjs.org/asynckit/-/asynckit-0.4.0.tgz",
      "integrity": "sha1-x57Zf380y48robyXkLzDZkdLS3k=",
      "dev": true
    },
    "combined-stream": {
      "version": "1.0.8",
      "resolved": "https://registry.npmjs.org/combined-stream/-/combined-stream-1.0.8.tgz",
      "integrity": "sha512-FQN4MRfuJeHf7cBbBMJFXhKSDq+2kAArBlmRBvcvFE5BB1HZKXtSFASDhdlz9zOYwxh8lDdnvmMOe/+5cdoEdg==",
      "dev": true,
      "requires": {
        "delayed-stream": "~1.0.0"
      }
    },
    "delayed-stream": {
      "version": "1.0.0",
      "resolved": "https://registry.npmjs.org/delayed-stream/-/delayed-stream-1.0.0.tgz",
      "integrity": "sha1-3zrhmayt+31ECqrgsp4icrJOxhk=",
      "dev": true
    },
    "fast-deep-equal": {
      "version": "3.1.3",
      "resolved": "https://registry.npmjs.org/fast-deep-equal/-/fast-deep-equal-3.1.3.tgz",
      "integrity": "sha512-f3qQ9oQy9j2AhBe/H9VC91wLmKBCCU/gDOnKNAYG5hswO7BLKj09Hc5HYNz9cGI++xlpDCIgDaitVs03ATR84Q=="
    },
    "form-data": {
      "version": "3.0.1",
      "resolved": "https://registry.npmjs.org/form-data/-/form-data-3.0.1.tgz",
      "integrity": "sha512-RHkBKtLWUVwd7SqRIvCZMEvAMoGUp0XU+seQiZejj0COz3RI3hWP4sCv3gZWWLjJTd7rGwcsF5eKZGii0r/hbg==",
      "dev": true,
      "requires": {
        "asynckit": "^0.4.0",
        "combined-stream": "^1.0.8",
        "mime-types": "^2.1.12"
      }
    },
    "is-promise": {
      "version": "4.0.0",
      "resolved": "https://registry.npmjs.org/is-promise/-/is-promise-4.0.0.tgz",
      "integrity": "sha512-hvpoI6korhJMnej285dSg6nu1+e6uxs7zG3BYAm5byqDsgJNWwxzM6z6iZiAgQR4TJ30JmBTOwqZUw3WlyH3AQ=="
    },
    "json-schema-traverse": {
      "version": "1.0.0",
      "resolved": "https://registry.npmjs.org/json-schema-traverse/-/json-schema-traverse-1.0.0.tgz",
      "integrity": "sha512-NM8/P9n3XjXhIZn1lLhkFaACTOURQXjWhV4BA/RnOv8xvgqtqpAX9IO4mRQxSx1Rlo4tqzeqb0sOlruaOy3dug=="
    },
    "mime-db": {
      "version": "1.47.0",
      "resolved": "https://registry.npmjs.org/mime-db/-/mime-db-1.47.0.tgz",
      "integrity": "sha512-QBmA/G2y+IfeS4oktet3qRZ+P5kPhCKRXxXnQEudYqUaEioAU1/Lq2us3D/t1Jfo4hE9REQPrbB7K5sOczJVIw==",
      "dev": true
    },
    "mime-types": {
      "version": "2.1.30",
      "resolved": "https://registry.npmjs.org/mime-types/-/mime-types-2.1.30.tgz",
      "integrity": "sha512-crmjA4bLtR8m9qLpHvgxSChT+XoSlZi8J4n/aIdn3z92e/U47Z0V/yl+Wh9W046GgFVAmoNR/fmdbZYcSSIUeg==",
      "dev": true,
      "requires": {
        "mime-db": "1.47.0"
      }
    },
    "node-fetch": {
      "version": "2.6.1",
      "resolved": "https://registry.npmjs.org/node-fetch/-/node-fetch-2.6.1.tgz",
      "integrity": "sha512-V4aYg89jEoVRxRb2fJdAg8FHvI7cEyYdVAh94HH0UIK8oJxUfkjlDQN9RbMx+bEjP7+ggMiFRprSti032Oipxw=="
    },
    "node-rsa": {
      "version": "1.1.1",
      "resolved": "https://registry.npmjs.org/node-rsa/-/node-rsa-1.1.1.tgz",
      "integrity": "sha512-Jd4cvbJMryN21r5HgxQOpMEqv+ooke/korixNNK3mGqfGJmy0M77WDDzo/05969+OkMy3XW1UuZsSmW9KQm7Fw==",
      "requires": {
        "asn1": "^0.2.4"
      }
    },
    "punycode": {
      "version": "2.1.1",
      "resolved": "https://registry.npmjs.org/punycode/-/punycode-2.1.1.tgz",
      "integrity": "sha512-XRsRjdf+j5ml+y/6GKHPZbrF/8p2Yga0JPtdqTIY2Xe5ohJPD9saDJJLPvp9+NSBprVvevdXZybnj2cv8OEd0A=="
    },
    "require-from-string": {
      "version": "2.0.2",
      "resolved": "https://registry.npmjs.org/require-from-string/-/require-from-string-2.0.2.tgz",
      "integrity": "sha512-Xf0nWe6RseziFMu+Ap9biiUbmplq6S9/p+7w7YXP/JBHhrUDDUhwa+vANyubuqfZWTveU//DYVGsDG7RKL/vEw=="
    },
    "safer-buffer": {
      "version": "2.1.2",
      "resolved": "https://registry.npmjs.org/safer-buffer/-/safer-buffer-2.1.2.tgz",
      "integrity": "sha512-YZo3K82SD7Riyi0E1EQPojLz7kpepnSQI9IyPbHHg1XXXevb5dJI7tpyN2ADxGcQbHG7vcyRHk0cbwqcQriUtg=="
    },
    "uri-js": {
      "version": "4.4.1",
      "resolved": "https://registry.npmjs.org/uri-js/-/uri-js-4.4.1.tgz",
      "integrity": "sha512-7rKUyy33Q1yc98pQ1DAmLtwX109F7TIfWlW1Ydo8Wl1ii1SeHieeh0HHfPeL2fMXK6z0s8ecKs9frCuLJvndBg==",
      "requires": {
        "punycode": "^2.1.0"
      }
    }
  }
}
